{
  "version": 4,
  "terraform_version": "1.3.6",
  "serial": 1,
  "lineage": "e5b98da0-31e3-f795-70c8-eccc2c546de1",
  "outputs": {},
  "resources": [
    {
      "mode": "managed",
      "type": "aws_security_group",
      "name": "webserver-http",
      "provider": "provider[\"registry.terraform.io/hashicorp/aws\"]",
      "instances": [
        {
          "schema_version": 1,
          "attributes": {
            "arn": "arn:aws:ec2:us-east-2:426310392593:security-group/sg-07913c5e95f9087d6",
            "description": "Allow HTTP inbound traffic",
            "egress": [],
            "id": "sg-07913c5e95f9087d6",
            "ingress": [],
            "name": "webserver-http",
            "name_prefix": "",
            "owner_id": "426310392593",
            "revoke_rules_on_delete": false,
            "tags": null,
            "tags_all": {},
            "timeouts": null,
            "vpc_id": "vpc-06504405b82dd0490"
          },
          "sensitive_attributes": [],
          "private": "eyJlMmJmYjczMC1lY2FhLTExZTYtOGY4OC0zNDM2M2JjN2M0YzAiOnsiY3JlYXRlIjo2MDAwMDAwMDAwMDAsImRlbGV0ZSI6OTAwMDAwMDAwMDAwfSwic2NoZW1hX3ZlcnNpb24iOiIxIn0="
        }
      ]
    }
  ],
  "check_results": null
}
